
Microsoft Visual Studio Solution File, Format Version 12.00
# Visual Studio Version 16
VisualStudioVersion = 16.0.29905.134
MinimumVisualStudioVersion = 10.0.40219.1
Project("{2150E333-8FDC-42A3-9474-1A3956D46DE8}") = "Application Layer", "Application Layer", "{489958B7-CA17-4FC5-AB0B-0BBDA4A71A08}"
EndProject
Project("{2150E333-8FDC-42A3-9474-1A3956D46DE8}") = "Library", "Library", "{92DD4A4A-F2CF-49C7-B26E-3D4549D73BFC}"
EndProject
Project("{9A19103F-16F7-4668-BE54-9A1E7A4F7556}") = "Library.BLL", "Applicatopn Layer\Library\Library.BLL\Library.BLL.csproj", "{320A0083-8375-446D-9D28-9898F20B8C12}"
EndProject
Project("{9A19103F-16F7-4668-BE54-9A1E7A4F7556}") = "Library.DAL", "Applicatopn Layer\Library\Library.DAL\Library.DAL.csproj", "{736F2248-D9DC-4047-868D-6BBA35F4E2B2}"
EndProject
Project("{9A19103F-16F7-4668-BE54-9A1E7A4F7556}") = "Library.BLL.Tests", "Applicatopn Layer\Library\Library.BLL.Tests\Library.BLL.Tests.csproj", "{D1325550-D64A-48CE-B65D-1EE6A7257DE8}"
EndProject
Project("{9A19103F-16F7-4668-BE54-9A1E7A4F7556}") = "Library.DAL.Tests", "Applicatopn Layer\Library\Library.DAL.Tests\Library.DAL.Tests.csproj", "{EE9B377D-C272-488E-AD75-6F4A6D1A94CB}"
EndProject
Project("{2150E333-8FDC-42A3-9474-1A3956D46DE8}") = "Common", "Common", "{D26382B7-E977-4400-8FFB-A23F31AF34A0}"
EndProject
Project("{2150E333-8FDC-42A3-9474-1A3956D46DE8}") = "Presentation Layer", "Presentation Layer", "{6BDC63B0-A262-4CD1-B769-11D5F868C163}"
EndProject
Project("{9A19103F-16F7-4668-BE54-9A1E7A4F7556}") = "MusicAgora.Common", "Common\MusicAgora.Common\MusicAgora.Common.csproj", "{3EA68C65-110A-42D4-B1FB-C4B011565F5D}"
EndProject
Project("{9A19103F-16F7-4668-BE54-9A1E7A4F7556}") = "MusicAgora.Common.Tests", "Common\MusicAgora.Common.Tests\MusicAgora.Common.Tests.csproj", "{3BF764D6-AD78-4AFE-A490-594D3E520501}"
EndProject
Project("{2150E333-8FDC-42A3-9474-1A3956D46DE8}") = "WebUx", "WebUx", "{4C6F4449-5E67-4957-9167-7C9DCBB307AA}"
EndProject
Project("{2150E333-8FDC-42A3-9474-1A3956D46DE8}") = "Users", "Users", "{50C31D9B-A722-42F1-84CE-6909AB5F8CC5}"
EndProject
Project("{9A19103F-16F7-4668-BE54-9A1E7A4F7556}") = "Users.BLL", "Applicatopn Layer\Users\Users.BLL\Users.BLL.csproj", "{5CD3914D-665C-43F4-876D-ABDC6D84B584}"
EndProject
Project("{9A19103F-16F7-4668-BE54-9A1E7A4F7556}") = "Users.BLL.Tests", "Applicatopn Layer\Users\Users.BLL.Tests\Users.BLL.Tests.csproj", "{172A7590-948D-42BA-91AF-06FF4A5B193D}"
EndProject
Project("{9A19103F-16F7-4668-BE54-9A1E7A4F7556}") = "Users.DAL", "Applicatopn Layer\Users\Users.DAL\Users.DAL.csproj", "{6F856DF3-24F1-4012-A82B-03FCFF360522}"
EndProject
Project("{9A19103F-16F7-4668-BE54-9A1E7A4F7556}") = "Users.DAL.Tests", "Applicatopn Layer\Users\Users.DAL.Tests\Users.DAL.Tests.csproj", "{50BD7827-053C-4BF3-8B00-7E0F34E1FE3A}"
EndProject
Project("{FAE04EC0-301F-11D3-BF4B-00C04F79EFBC}") = "MusicAgora.WebUx.MVC", "Presentation Layer\MusicAgora.WebUx.MVC\MusicAgora.WebUx.MVC.csproj", "{4E7DF038-FFD1-4614-BCA8-69E93D7BAB2E}"
EndProject
Global
	GlobalSection(SolutionConfigurationPlatforms) = preSolution
		Debug|Any CPU = Debug|Any CPU
		Release|Any CPU = Release|Any CPU
	EndGlobalSection
	GlobalSection(ProjectConfigurationPlatforms) = postSolution
		{320A0083-8375-446D-9D28-9898F20B8C12}.Debug|Any CPU.ActiveCfg = Debug|Any CPU
		{320A0083-8375-446D-9D28-9898F20B8C12}.Debug|Any CPU.Build.0 = Debug|Any CPU
		{320A0083-8375-446D-9D28-9898F20B8C12}.Release|Any CPU.ActiveCfg = Release|Any CPU
		{320A0083-8375-446D-9D28-9898F20B8C12}.Release|Any CPU.Build.0 = Release|Any CPU
		{736F2248-D9DC-4047-868D-6BBA35F4E2B2}.Debug|Any CPU.ActiveCfg = Debug|Any CPU
		{736F2248-D9DC-4047-868D-6BBA35F4E2B2}.Debug|Any CPU.Build.0 = Debug|Any CPU
		{736F2248-D9DC-4047-868D-6BBA35F4E2B2}.Release|Any CPU.ActiveCfg = Release|Any CPU
		{736F2248-D9DC-4047-868D-6BBA35F4E2B2}.Release|Any CPU.Build.0 = Release|Any CPU
		{D1325550-D64A-48CE-B65D-1EE6A7257DE8}.Debug|Any CPU.ActiveCfg = Debug|Any CPU
		{D1325550-D64A-48CE-B65D-1EE6A7257DE8}.Debug|Any CPU.Build.0 = Debug|Any CPU
		{D1325550-D64A-48CE-B65D-1EE6A7257DE8}.Release|Any CPU.ActiveCfg = Release|Any CPU
		{D1325550-D64A-48CE-B65D-1EE6A7257DE8}.Release|Any CPU.Build.0 = Release|Any CPU
		{EE9B377D-C272-488E-AD75-6F4A6D1A94CB}.Debug|Any CPU.ActiveCfg = Debug|Any CPU
		{EE9B377D-C272-488E-AD75-6F4A6D1A94CB}.Debug|Any CPU.Build.0 = Debug|Any CPU
		{EE9B377D-C272-488E-AD75-6F4A6D1A94CB}.Release|Any CPU.ActiveCfg = Release|Any CPU
		{EE9B377D-C272-488E-AD75-6F4A6D1A94CB}.Release|Any CPU.Build.0 = Release|Any CPU
		{3EA68C65-110A-42D4-B1FB-C4B011565F5D}.Debug|Any CPU.ActiveCfg = Debug|Any CPU
		{3EA68C65-110A-42D4-B1FB-C4B011565F5D}.Debug|Any CPU.Build.0 = Debug|Any CPU
		{3EA68C65-110A-42D4-B1FB-C4B011565F5D}.Release|Any CPU.ActiveCfg = Release|Any CPU
		{3EA68C65-110A-42D4-B1FB-C4B011565F5D}.Release|Any CPU.Build.0 = Release|Any CPU
		{3BF764D6-AD78-4AFE-A490-594D3E520501}.Debug|Any CPU.ActiveCfg = Debug|Any CPU
		{3BF764D6-AD78-4AFE-A490-594D3E520501}.Debug|Any CPU.Build.0 = Debug|Any CPU
		{3BF764D6-AD78-4AFE-A490-594D3E520501}.Release|Any CPU.ActiveCfg = Release|Any CPU
		{3BF764D6-AD78-4AFE-A490-594D3E520501}.Release|Any CPU.Build.0 = Release|Any CPU
		{5CD3914D-665C-43F4-876D-ABDC6D84B584}.Debug|Any CPU.ActiveCfg = Debug|Any CPU
		{5CD3914D-665C-43F4-876D-ABDC6D84B584}.Debug|Any CPU.Build.0 = Debug|Any CPU
		{5CD3914D-665C-43F4-876D-ABDC6D84B584}.Release|Any CPU.ActiveCfg = Release|Any CPU
		{5CD3914D-665C-43F4-876D-ABDC6D84B584}.Release|Any CPU.Build.0 = Release|Any CPU
		{172A7590-948D-42BA-91AF-06FF4A5B193D}.Debug|Any CPU.ActiveCfg = Debug|Any CPU
		{172A7590-948D-42BA-91AF-06FF4A5B193D}.Debug|Any CPU.Build.0 = Debug|Any CPU
		{172A7590-948D-42BA-91AF-06FF4A5B193D}.Release|Any CPU.ActiveCfg = Release|Any CPU
		{172A7590-948D-42BA-91AF-06FF4A5B193D}.Release|Any CPU.Build.0 = Release|Any CPU
		{6F856DF3-24F1-4012-A82B-03FCFF360522}.Debug|Any CPU.ActiveCfg = Debug|Any CPU
		{6F856DF3-24F1-4012-A82B-03FCFF360522}.Debug|Any CPU.Build.0 = Debug|Any CPU
		{6F856DF3-24F1-4012-A82B-03FCFF360522}.Release|Any CPU.ActiveCfg = Release|Any CPU
		{6F856DF3-24F1-4012-A82B-03FCFF360522}.Release|Any CPU.Build.0 = Release|Any CPU
		{50BD7827-053C-4BF3-8B00-7E0F34E1FE3A}.Debug|Any CPU.ActiveCfg = Debug|Any CPU
		{50BD7827-053C-4BF3-8B00-7E0F34E1FE3A}.Debug|Any CPU.Build.0 = Debug|Any CPU
		{50BD7827-053C-4BF3-8B00-7E0F34E1FE3A}.Release|Any CPU.ActiveCfg = Release|Any CPU
		{50BD7827-053C-4BF3-8B00-7E0F34E1FE3A}.Release|Any CPU.Build.0 = Release|Any CPU
		{4E7DF038-FFD1-4614-BCA8-69E93D7BAB2E}.Debug|Any CPU.ActiveCfg = Debug|Any CPU
		{4E7DF038-FFD1-4614-BCA8-69E93D7BAB2E}.Debug|Any CPU.Build.0 = Debug|Any CPU
		{4E7DF038-FFD1-4614-BCA8-69E93D7BAB2E}.Release|Any CPU.ActiveCfg = Release|Any CPU
		{4E7DF038-FFD1-4614-BCA8-69E93D7BAB2E}.Release|Any CPU.Build.0 = Release|Any CPU
	EndGlobalSection
	GlobalSection(SolutionProperties) = preSolution
		HideSolutionNode = FALSE
	EndGlobalSection
	GlobalSection(NestedProjects) = preSolution
		{92DD4A4A-F2CF-49C7-B26E-3D4549D73BFC} = {489958B7-CA17-4FC5-AB0B-0BBDA4A71A08}
		{320A0083-8375-446D-9D28-9898F20B8C12} = {92DD4A4A-F2CF-49C7-B26E-3D4549D73BFC}
		{736F2248-D9DC-4047-868D-6BBA35F4E2B2} = {92DD4A4A-F2CF-49C7-B26E-3D4549D73BFC}
		{D1325550-D64A-48CE-B65D-1EE6A7257DE8} = {92DD4A4A-F2CF-49C7-B26E-3D4549D73BFC}
		{EE9B377D-C272-488E-AD75-6F4A6D1A94CB} = {92DD4A4A-F2CF-49C7-B26E-3D4549D73BFC}
		{3EA68C65-110A-42D4-B1FB-C4B011565F5D} = {D26382B7-E977-4400-8FFB-A23F31AF34A0}
		{3BF764D6-AD78-4AFE-A490-594D3E520501} = {D26382B7-E977-4400-8FFB-A23F31AF34A0}
		{4C6F4449-5E67-4957-9167-7C9DCBB307AA} = {6BDC63B0-A262-4CD1-B769-11D5F868C163}
		{50C31D9B-A722-42F1-84CE-6909AB5F8CC5} = {489958B7-CA17-4FC5-AB0B-0BBDA4A71A08}
		{5CD3914D-665C-43F4-876D-ABDC6D84B584} = {50C31D9B-A722-42F1-84CE-6909AB5F8CC5}
		{172A7590-948D-42BA-91AF-06FF4A5B193D} = {50C31D9B-A722-42F1-84CE-6909AB5F8CC5}
		{6F856DF3-24F1-4012-A82B-03FCFF360522} = {50C31D9B-A722-42F1-84CE-6909AB5F8CC5}
		{50BD7827-053C-4BF3-8B00-7E0F34E1FE3A} = {50C31D9B-A722-42F1-84CE-6909AB5F8CC5}
		{4E7DF038-FFD1-4614-BCA8-69E93D7BAB2E} = {4C6F4449-5E67-4957-9167-7C9DCBB307AA}
	EndGlobalSection
	GlobalSection(ExtensibilityGlobals) = postSolution
		SolutionGuid = {1DA7A1EF-792E-4EBD-9321-34055C57081D}
	EndGlobalSection
EndGlobal
